
Microsoft Visual Studio Solution File, Format Version 12.00
# Visual Studio 15
VisualStudioVersion = 15.0.28010.2016
MinimumVisualStudioVersion = 10.0.40219.1
Project("{FAE04EC0-301F-11D3-BF4B-00C04F79EFBC}") = "Kursova robota", "Kursova robota\Kursova robota.csproj", "{3275D4E7-69B0-43D3-B64B-F7EF7D012C92}"
EndProject
Global
	GlobalSection(SolutionConfigurationPlatforms) = preSolution
		Debug|Any CPU = Debug|Any CPU
		Release|Any CPU = Release|Any CPU
	EndGlobalSection
	GlobalSection(ProjectConfigurationPlatforms) = postSolution
		{3275D4E7-69B0-43D3-B64B-F7EF7D012C92}.Debug|Any CPU.ActiveCfg = Debug|Any CPU
		{3275D4E7-69B0-43D3-B64B-F7EF7D012C92}.Debug|Any CPU.Build.0 = Debug|Any CPU
		{3275D4E7-69B0-43D3-B64B-F7EF7D012C92}.Release|Any CPU.ActiveCfg = Release|Any CPU
		{3275D4E7-69B0-43D3-B64B-F7EF7D012C92}.Release|Any CPU.Build.0 = Release|Any CPU
	EndGlobalSection
	GlobalSection(SolutionProperties) = preSolution
		HideSolutionNode = FALSE
	EndGlobalSection
	GlobalSection(ExtensibilityGlobals) = postSolution
		SolutionGuid = {1D9E7688-9E3D-4723-9542-E970AF4291BB}
	EndGlobalSection
EndGlobal
